
Microsoft Visual Studio Solution File, Format Version 12.00
# Visual Studio Version 17
VisualStudioVersion = 17.3.32922.545
MinimumVisualStudioVersion = 10.0.40219.1
Project("{FAE04EC0-301F-11D3-BF4B-00C04F79EFBC}") = "32", "32.csproj", "{4F6091A2-7960-4AB1-ADC2-98382298967D}"
EndProject
Global
	GlobalSection(SolutionConfigurationPlatforms) = preSolution
		Debug|Any CPU = Debug|Any CPU
		Release|Any CPU = Release|Any CPU
	EndGlobalSection
	GlobalSection(ProjectConfigurationPlatforms) = postSolution
		{4F6091A2-7960-4AB1-ADC2-98382298967D}.Debug|Any CPU.ActiveCfg = Debug|Any CPU
		{4F6091A2-7960-4AB1-ADC2-98382298967D}.Debug|Any CPU.Build.0 = Debug|Any CPU
		{4F6091A2-7960-4AB1-ADC2-98382298967D}.Release|Any CPU.ActiveCfg = Release|Any CPU
		{4F6091A2-7960-4AB1-ADC2-98382298967D}.Release|Any CPU.Build.0 = Release|Any CPU
	EndGlobalSection
	GlobalSection(SolutionProperties) = preSolution
		HideSolutionNode = FALSE
	EndGlobalSection
	GlobalSection(ExtensibilityGlobals) = postSolution
		SolutionGuid = {DDB079B2-DF41-47D0-9BF6-DABFE5C3506A}
	EndGlobalSection
EndGlobal
