
Microsoft Visual Studio Solution File, Format Version 12.00
# Visual Studio Version 17
VisualStudioVersion = 17.7.34221.43
MinimumVisualStudioVersion = 10.0.40219.1
Project("{FAE04EC0-301F-11D3-BF4B-00C04F79EFBC}") = "28pr", "28pr.csproj", "{106CEF8A-EEE1-4299-B30D-96E9963D60ED}"
EndProject
Global
	GlobalSection(SolutionConfigurationPlatforms) = preSolution
		Debug|Any CPU = Debug|Any CPU
		Release|Any CPU = Release|Any CPU
	EndGlobalSection
	GlobalSection(ProjectConfigurationPlatforms) = postSolution
		{106CEF8A-EEE1-4299-B30D-96E9963D60ED}.Debug|Any CPU.ActiveCfg = Debug|Any CPU
		{106CEF8A-EEE1-4299-B30D-96E9963D60ED}.Debug|Any CPU.Build.0 = Debug|Any CPU
		{106CEF8A-EEE1-4299-B30D-96E9963D60ED}.Release|Any CPU.ActiveCfg = Release|Any CPU
		{106CEF8A-EEE1-4299-B30D-96E9963D60ED}.Release|Any CPU.Build.0 = Release|Any CPU
	EndGlobalSection
	GlobalSection(SolutionProperties) = preSolution
		HideSolutionNode = FALSE
	EndGlobalSection
	GlobalSection(ExtensibilityGlobals) = postSolution
		SolutionGuid = {0195C741-30AB-4DAE-84EC-1B9641867EE6}
	EndGlobalSection
EndGlobal
