
Microsoft Visual Studio Solution File, Format Version 12.00
# Visual Studio Version 17
VisualStudioVersion = 17.7.34221.43
MinimumVisualStudioVersion = 10.0.40219.1
Project("{FAE04EC0-301F-11D3-BF4B-00C04F79EFBC}") = "18", "18.csproj", "{2F8582B1-9B5C-45BF-B14E-F2DE22EB01B0}"
EndProject
Global
	GlobalSection(SolutionConfigurationPlatforms) = preSolution
		Debug|Any CPU = Debug|Any CPU
		Release|Any CPU = Release|Any CPU
	EndGlobalSection
	GlobalSection(ProjectConfigurationPlatforms) = postSolution
		{2F8582B1-9B5C-45BF-B14E-F2DE22EB01B0}.Debug|Any CPU.ActiveCfg = Debug|Any CPU
		{2F8582B1-9B5C-45BF-B14E-F2DE22EB01B0}.Debug|Any CPU.Build.0 = Debug|Any CPU
		{2F8582B1-9B5C-45BF-B14E-F2DE22EB01B0}.Release|Any CPU.ActiveCfg = Release|Any CPU
		{2F8582B1-9B5C-45BF-B14E-F2DE22EB01B0}.Release|Any CPU.Build.0 = Release|Any CPU
	EndGlobalSection
	GlobalSection(SolutionProperties) = preSolution
		HideSolutionNode = FALSE
	EndGlobalSection
	GlobalSection(ExtensibilityGlobals) = postSolution
		SolutionGuid = {DBEBF36D-65EA-4675-9F34-18ED65EAE387}
	EndGlobalSection
EndGlobal
