
Microsoft Visual Studio Solution File, Format Version 12.00
# Visual Studio Version 17
VisualStudioVersion = 17.3.32922.545
MinimumVisualStudioVersion = 10.0.40219.1
Project("{FAE04EC0-301F-11D3-BF4B-00C04F79EFBC}") = "27pr", "27pr.csproj", "{AEC5ED62-9558-4301-B538-96A11F2061F7}"
EndProject
Global
	GlobalSection(SolutionConfigurationPlatforms) = preSolution
		Debug|Any CPU = Debug|Any CPU
		Release|Any CPU = Release|Any CPU
	EndGlobalSection
	GlobalSection(ProjectConfigurationPlatforms) = postSolution
		{AEC5ED62-9558-4301-B538-96A11F2061F7}.Debug|Any CPU.ActiveCfg = Debug|Any CPU
		{AEC5ED62-9558-4301-B538-96A11F2061F7}.Debug|Any CPU.Build.0 = Debug|Any CPU
		{AEC5ED62-9558-4301-B538-96A11F2061F7}.Release|Any CPU.ActiveCfg = Release|Any CPU
		{AEC5ED62-9558-4301-B538-96A11F2061F7}.Release|Any CPU.Build.0 = Release|Any CPU
	EndGlobalSection
	GlobalSection(SolutionProperties) = preSolution
		HideSolutionNode = FALSE
	EndGlobalSection
	GlobalSection(ExtensibilityGlobals) = postSolution
		SolutionGuid = {14639814-A3A0-4826-A361-5744204D4FF5}
	EndGlobalSection
EndGlobal
